
Microsoft Visual Studio Solution File, Format Version 12.00
# Visual Studio Version 16
VisualStudioVersion = 16.0.28803.202
MinimumVisualStudioVersion = 10.0.40219.1
Project("{FAE04EC0-301F-11D3-BF4B-00C04F79EFBC}") = "Host", "SecuredHttpClient\Host.csproj", "{941F893E-4E9F-4807-BD22-9316C53D6E2E}"
EndProject
Project("{FAE04EC0-301F-11D3-BF4B-00C04F79EFBC}") = "Client", "Client\Client.csproj", "{A10681A5-7C62-4E2A-84EB-F3E8F2FC6134}"
EndProject
Project("{FAE04EC0-301F-11D3-BF4B-00C04F79EFBC}") = "Security", "Security\Security.csproj", "{FA769DA2-B097-423F-809A-73A74D9BE103}"
EndProject
Global
	GlobalSection(SolutionConfigurationPlatforms) = preSolution
		Debug|Any CPU = Debug|Any CPU
		Release|Any CPU = Release|Any CPU
	EndGlobalSection
	GlobalSection(ProjectConfigurationPlatforms) = postSolution
		{941F893E-4E9F-4807-BD22-9316C53D6E2E}.Debug|Any CPU.ActiveCfg = Debug|Any CPU
		{941F893E-4E9F-4807-BD22-9316C53D6E2E}.Debug|Any CPU.Build.0 = Debug|Any CPU
		{941F893E-4E9F-4807-BD22-9316C53D6E2E}.Release|Any CPU.ActiveCfg = Release|Any CPU
		{941F893E-4E9F-4807-BD22-9316C53D6E2E}.Release|Any CPU.Build.0 = Release|Any CPU
		{A10681A5-7C62-4E2A-84EB-F3E8F2FC6134}.Debug|Any CPU.ActiveCfg = Debug|Any CPU
		{A10681A5-7C62-4E2A-84EB-F3E8F2FC6134}.Debug|Any CPU.Build.0 = Debug|Any CPU
		{A10681A5-7C62-4E2A-84EB-F3E8F2FC6134}.Release|Any CPU.ActiveCfg = Release|Any CPU
		{A10681A5-7C62-4E2A-84EB-F3E8F2FC6134}.Release|Any CPU.Build.0 = Release|Any CPU
		{FA769DA2-B097-423F-809A-73A74D9BE103}.Debug|Any CPU.ActiveCfg = Debug|Any CPU
		{FA769DA2-B097-423F-809A-73A74D9BE103}.Debug|Any CPU.Build.0 = Debug|Any CPU
		{FA769DA2-B097-423F-809A-73A74D9BE103}.Release|Any CPU.ActiveCfg = Release|Any CPU
		{FA769DA2-B097-423F-809A-73A74D9BE103}.Release|Any CPU.Build.0 = Release|Any CPU
	EndGlobalSection
	GlobalSection(SolutionProperties) = preSolution
		HideSolutionNode = FALSE
	EndGlobalSection
	GlobalSection(ExtensibilityGlobals) = postSolution
		SolutionGuid = {E8009C3D-3CAE-4D8D-8C7E-A5A3BE9C9305}
	EndGlobalSection
EndGlobal
